
Microsoft Visual Studio Solution File, Format Version 12.00
# Visual Studio Version 17
VisualStudioVersion = 17.3.32804.467
MinimumVisualStudioVersion = 10.0.40219.1
Project("{9A19103F-16F7-4668-BE54-9A1E7A4F7556}") = "WordSearch", "WordSearch\WordSearch.csproj", "{CBD142B0-CD1F-484A-BBA6-D3BEEEBD93BB}"
EndProject
Project("{9A19103F-16F7-4668-BE54-9A1E7A4F7556}") = "Datatypes", "Datatypes\Datatypes.csproj", "{6F2E86F0-1A2A-4F98-BEF8-1CFCE9F7E044}"
EndProject
Project("{9A19103F-16F7-4668-BE54-9A1E7A4F7556}") = "Tests", "Tests\Tests.csproj", "{08AAD55D-9A76-4CA3-A1ED-2F6BE9564DC0}"
EndProject
Project("{FAE04EC0-301F-11D3-BF4B-00C04F79EFBC}") = "WordSearchGUI", "WordSearchGUI\WordSearchGUI.csproj", "{7CA03071-E873-4FE6-B294-315B3C3EA4E3}"
EndProject
Global
	GlobalSection(SolutionConfigurationPlatforms) = preSolution
		Debug|Any CPU = Debug|Any CPU
		Release|Any CPU = Release|Any CPU
	EndGlobalSection
	GlobalSection(ProjectConfigurationPlatforms) = postSolution
		{CBD142B0-CD1F-484A-BBA6-D3BEEEBD93BB}.Debug|Any CPU.ActiveCfg = Debug|Any CPU
		{CBD142B0-CD1F-484A-BBA6-D3BEEEBD93BB}.Debug|Any CPU.Build.0 = Debug|Any CPU
		{CBD142B0-CD1F-484A-BBA6-D3BEEEBD93BB}.Release|Any CPU.ActiveCfg = Release|Any CPU
		{CBD142B0-CD1F-484A-BBA6-D3BEEEBD93BB}.Release|Any CPU.Build.0 = Release|Any CPU
		{6F2E86F0-1A2A-4F98-BEF8-1CFCE9F7E044}.Debug|Any CPU.ActiveCfg = Debug|Any CPU
		{6F2E86F0-1A2A-4F98-BEF8-1CFCE9F7E044}.Debug|Any CPU.Build.0 = Debug|Any CPU
		{6F2E86F0-1A2A-4F98-BEF8-1CFCE9F7E044}.Release|Any CPU.ActiveCfg = Release|Any CPU
		{6F2E86F0-1A2A-4F98-BEF8-1CFCE9F7E044}.Release|Any CPU.Build.0 = Release|Any CPU
		{08AAD55D-9A76-4CA3-A1ED-2F6BE9564DC0}.Debug|Any CPU.ActiveCfg = Debug|Any CPU
		{08AAD55D-9A76-4CA3-A1ED-2F6BE9564DC0}.Debug|Any CPU.Build.0 = Debug|Any CPU
		{08AAD55D-9A76-4CA3-A1ED-2F6BE9564DC0}.Release|Any CPU.ActiveCfg = Release|Any CPU
		{08AAD55D-9A76-4CA3-A1ED-2F6BE9564DC0}.Release|Any CPU.Build.0 = Release|Any CPU
		{7CA03071-E873-4FE6-B294-315B3C3EA4E3}.Debug|Any CPU.ActiveCfg = Debug|Any CPU
		{7CA03071-E873-4FE6-B294-315B3C3EA4E3}.Debug|Any CPU.Build.0 = Debug|Any CPU
		{7CA03071-E873-4FE6-B294-315B3C3EA4E3}.Release|Any CPU.ActiveCfg = Release|Any CPU
		{7CA03071-E873-4FE6-B294-315B3C3EA4E3}.Release|Any CPU.Build.0 = Release|Any CPU
	EndGlobalSection
	GlobalSection(SolutionProperties) = preSolution
		HideSolutionNode = FALSE
	EndGlobalSection
	GlobalSection(ExtensibilityGlobals) = postSolution
		SolutionGuid = {AC3E3A97-FDC2-40E9-A18B-AB44EEDBF6AF}
	EndGlobalSection
EndGlobal
